<?xml version="1.0" encoding="utf-8"?>
<Project ToolsVersion="4.0" xmlns="http://schemas.microsoft.com/developer/msbuild/2003">
  <ItemGroup>
    <Filter Include="Source Files">
      <UniqueIdentifier>{4FC737F1-C7A5-4376-A066-2A32D752A2FF}</UniqueIdentifier>
      <Extensions>cpp;c;cc;cxx;def;odl;idl;hpj;bat;asm;asmx</Extensions>
    </Filter>
    <Filter Include="Header Files">
      <UniqueIdentifier>{93995380-89BD-4b04-88EB-625FBE52EBFB}</UniqueIdentifier>
      <Extensions>h;hh;hpp;hxx;hm;inl;inc;xsd</Extensions>
    </Filter>
    <Filter Include="Resource Files">
      <UniqueIdentifier>{67DA6AB6-F800-4c08-8B7A-83BB121AAD01}</UniqueIdentifier>
      <Extensions>rc;ico;cur;bmp;dlg;rc2;rct;bin;rgs;gif;jpg;jpeg;jpe;resx;tiff;tif;png;wav</Extensions>
    </Filter>
  </ItemGroup>
  <ItemGroup>
    <ClCompile Include="Animation.cpp">
      <Filter>Source Files</Filter>
    </ClCompile>
    <ClCompile Include="Bitmask.cpp">
      <Filter>Source Files</Filter>
    </ClCompile>
    <ClCompile Include="ClassObserver.cpp">
      <Filter>Source Files</Filter>
    </ClCompile>
    <ClCompile Include="Component.cpp">
      <Filter>Source Files</Filter>
    </ClCompile>
    <ClCompile Include="ComponentPairHash.cpp">
      <Filter>Source Files</Filter>
    </ClCompile>
    <ClCompile Include="C_Animation.cpp">
      <Filter>Source Files</Filter>
    </ClCompile>
    <ClCompile Include="C_BehaviourApplier.cpp">
      <Filter>Source Files</Filter>
    </ClCompile>
    <ClCompile Include="C_BoxCollider.cpp">
      <Filter>Source Files</Filter>
    </ClCompile>
    <ClCompile Include="C_Camera.cpp">
      <Filter>Source Files</Filter>
    </ClCompile>
    <ClCompile Include="C_Collidable.cpp">
      <Filter>Source Files</Filter>
    </ClCompile>
    <ClCompile Include="C_Collider.cpp">
      <Filter>Source Files</Filter>
    </ClCompile>
    <ClCompile Include="C_Direction.cpp">
      <Filter>Source Files</Filter>
    </ClCompile>
    <ClCompile Include="C_Drawable.cpp">
      <Filter>Source Files</Filter>
    </ClCompile>
    <ClCompile Include="C_Events.cpp">
      <Filter>Source Files</Filter>
    </ClCompile>
    <ClCompile Include="C_InstanceID.cpp">
      <Filter>Source Files</Filter>
    </ClCompile>
    <ClCompile Include="C_Interactable.cpp">
      <Filter>Source Files</Filter>
    </ClCompile>
    <ClCompile Include="C_InteractableTalking.cpp">
      <Filter>Source Files</Filter>
    </ClCompile>
    <ClCompile Include="C_InteractWithObjects.cpp">
      <Filter>Source Files</Filter>
    </ClCompile>
    <ClCompile Include="C_KeyboardMovement.cpp">
      <Filter>Source Files</Filter>
    </ClCompile>
    <ClCompile Include="C_Mass.cpp">
      <Filter>Source Files</Filter>
    </ClCompile>
    <ClCompile Include="C_MovementAnimation.cpp">
      <Filter>Source Files</Filter>
    </ClCompile>
    <ClCompile Include="C_Observer.cpp">
      <Filter>Source Files</Filter>
    </ClCompile>
    <ClCompile Include="C_ProjectileAttack.cpp">
      <Filter>Source Files</Filter>
    </ClCompile>
    <ClCompile Include="C_RemoveObjectOnCollisionEnter.cpp">
      <Filter>Source Files</Filter>
    </ClCompile>
    <ClCompile Include="C_Sprite.cpp">
      <Filter>Source Files</Filter>
    </ClCompile>
    <ClCompile Include="C_SteeringBehaviour.cpp">
      <Filter>Source Files</Filter>
    </ClCompile>
    <ClCompile Include="C_SteeringBehaviourChase.cpp">
      <Filter>Source Files</Filter>
    </ClCompile>
    <ClCompile Include="C_SteeringBehaviourWallAvoidance.cpp">
      <Filter>Source Files</Filter>
    </ClCompile>
    <ClCompile Include="C_Tag.cpp">
      <Filter>Source Files</Filter>
    </ClCompile>
    <ClCompile Include="C_Transform.cpp">
      <Filter>Source Files</Filter>
    </ClCompile>
    <ClCompile Include="C_Tree.cpp">
      <Filter>Source Files</Filter>
    </ClCompile>
    <ClCompile Include="C_UIWorldLabel.cpp">
      <Filter>Source Files</Filter>
    </ClCompile>
    <ClCompile Include="C_Velocity.cpp">
      <Filter>Source Files</Filter>
    </ClCompile>
    <ClCompile Include="C_WalkInLine.cpp">
      <Filter>Source Files</Filter>
    </ClCompile>
    <ClCompile Include="Debug.cpp">
      <Filter>Source Files</Filter>
    </ClCompile>
    <ClCompile Include="Dispatcher.cpp">
      <Filter>Source Files</Filter>
    </ClCompile>
    <ClCompile Include="Event.cpp">
      <Filter>Source Files</Filter>
    </ClCompile>
    <ClCompile Include="E_FireProjectile.cpp">
      <Filter>Source Files</Filter>
    </ClCompile>
    <ClCompile Include="E_Test.cpp">
      <Filter>Source Files</Filter>
    </ClCompile>
    <ClCompile Include="Game.cpp">
      <Filter>Source Files</Filter>
    </ClCompile>
    <ClCompile Include="GLC.cpp">
      <Filter>Source Files</Filter>
    </ClCompile>
    <ClCompile Include="Input.cpp">
      <Filter>Source Files</Filter>
    </ClCompile>
    <ClCompile Include="Invisible_Girl_Game.cpp">
      <Filter>Source Files</Filter>
    </ClCompile>
    <ClCompile Include="my_Tile.cpp">
      <Filter>Source Files</Filter>
    </ClCompile>
    <ClCompile Include="NPC.cpp">
      <Filter>Source Files</Filter>
    </ClCompile>
    <ClCompile Include="Object.cpp">
      <Filter>Source Files</Filter>
    </ClCompile>
    <ClCompile Include="ObjectCollection.cpp">
      <Filter>Source Files</Filter>
    </ClCompile>
    <ClCompile Include="Player.cpp">
      <Filter>Source Files</Filter>
    </ClCompile>
    <ClCompile Include="Quadtree.cpp">
      <Filter>Source Files</Filter>
    </ClCompile>
    <ClCompile Include="Raycast.cpp">
      <Filter>Source Files</Filter>
    </ClCompile>
    <ClCompile Include="ResourceAllocator.cpp">
      <Filter>Source Files</Filter>
    </ClCompile>
    <ClCompile Include="Scene.cpp">
      <Filter>Source Files</Filter>
    </ClCompile>
    <ClCompile Include="SceneGame.cpp">
      <Filter>Source Files</Filter>
    </ClCompile>
    <ClCompile Include="SceneSplashScreen.cpp">
      <Filter>Source Files</Filter>
    </ClCompile>
    <ClCompile Include="SceneStateMachine.cpp">
      <Filter>Source Files</Filter>
    </ClCompile>
    <ClCompile Include="SharedContext.cpp">
      <Filter>Source Files</Filter>
    </ClCompile>
    <ClCompile Include="S_Collidable.cpp">
      <Filter>Source Files</Filter>
    </ClCompile>
    <ClCompile Include="S_Drawable.cpp">
      <Filter>Source Files</Filter>
    </ClCompile>
    <ClCompile Include="Tile.cpp">
      <Filter>Source Files</Filter>
    </ClCompile>
    <ClCompile Include="TileMapParser.cpp">
      <Filter>Source Files</Filter>
    </ClCompile>
    <ClCompile Include="window.cpp">
      <Filter>Source Files</Filter>
    </ClCompile>
    <ClCompile Include="WorkingDirectory.cpp">
      <Filter>Source Files</Filter>
    </ClCompile>
    <ClCompile Include="XML_Parser.cpp">
      <Filter>Source Files</Filter>
    </ClCompile>
  </ItemGroup>
  <ItemGroup>
    <ClInclude Include="Animation.h">
      <Filter>Header Files</Filter>
    </ClInclude>
    <ClInclude Include="Bitmask.h">
      <Filter>Header Files</Filter>
    </ClInclude>
    <ClInclude Include="BT_ActionNodes.h">
      <Filter>Header Files</Filter>
    </ClInclude>
    <ClInclude Include="Component.h">
      <Filter>Header Files</Filter>
    </ClInclude>
    <ClInclude Include="ComponentPairHash.h">
      <Filter>Header Files</Filter>
    </ClInclude>
    <ClInclude Include="C_Animation.h">
      <Filter>Header Files</Filter>
    </ClInclude>
    <ClInclude Include="C_BehaviourApplier.h">
      <Filter>Header Files</Filter>
    </ClInclude>
    <ClInclude Include="C_BoxCollider.h">
      <Filter>Header Files</Filter>
    </ClInclude>
    <ClInclude Include="C_Camera.h">
      <Filter>Header Files</Filter>
    </ClInclude>
    <ClInclude Include="C_Collidable.h">
      <Filter>Header Files</Filter>
    </ClInclude>
    <ClInclude Include="C_Collider.h">
      <Filter>Header Files</Filter>
    </ClInclude>
    <ClInclude Include="C_Direction.h">
      <Filter>Header Files</Filter>
    </ClInclude>
    <ClInclude Include="C_Drawable.h">
      <Filter>Header Files</Filter>
    </ClInclude>
    <ClInclude Include="C_Events.h">
      <Filter>Header Files</Filter>
    </ClInclude>
    <ClInclude Include="C_InstanceID.h">
      <Filter>Header Files</Filter>
    </ClInclude>
    <ClInclude Include="C_Interactable.h">
      <Filter>Header Files</Filter>
    </ClInclude>
    <ClInclude Include="C_InteractableTalking.h">
      <Filter>Header Files</Filter>
    </ClInclude>
    <ClInclude Include="C_InteractWithObjects.h">
      <Filter>Header Files</Filter>
    </ClInclude>
    <ClInclude Include="C_KeyboardMovement.h">
      <Filter>Header Files</Filter>
    </ClInclude>
    <ClInclude Include="C_Mass.h">
      <Filter>Header Files</Filter>
    </ClInclude>
    <ClInclude Include="C_MovementAnimation.h">
      <Filter>Header Files</Filter>
    </ClInclude>
    <ClInclude Include="C_Observer.h">
      <Filter>Header Files</Filter>
    </ClInclude>
    <ClInclude Include="C_ProjectileAttack.h">
      <Filter>Header Files</Filter>
    </ClInclude>
    <ClInclude Include="C_RemoveObjectOnCollisionEnter.h">
      <Filter>Header Files</Filter>
    </ClInclude>
    <ClInclude Include="C_Sprite.h">
      <Filter>Header Files</Filter>
    </ClInclude>
    <ClInclude Include="C_SteeringBehaviour.h">
      <Filter>Header Files</Filter>
    </ClInclude>
    <ClInclude Include="C_SteeringBehaviourChase.h">
      <Filter>Header Files</Filter>
    </ClInclude>
    <ClInclude Include="C_SteeringBehaviourWallAvoidance.h">
      <Filter>Header Files</Filter>
    </ClInclude>
    <ClInclude Include="C_Tag.h">
      <Filter>Header Files</Filter>
    </ClInclude>
    <ClInclude Include="C_Transform.h">
      <Filter>Header Files</Filter>
    </ClInclude>
    <ClInclude Include="C_Tree.h">
      <Filter>Header Files</Filter>
    </ClInclude>
    <ClInclude Include="C_UIWorldLabel.h">
      <Filter>Header Files</Filter>
    </ClInclude>
    <ClInclude Include="C_Velocity.h">
      <Filter>Header Files</Filter>
    </ClInclude>
    <ClInclude Include="C_WalkInLine.h">
      <Filter>Header Files</Filter>
    </ClInclude>
    <ClInclude Include="Debug.h">
      <Filter>Header Files</Filter>
    </ClInclude>
    <ClInclude Include="Dispatcher.h">
      <Filter>Header Files</Filter>
    </ClInclude>
    <ClInclude Include="Event.h">
      <Filter>Header Files</Filter>
    </ClInclude>
    <ClInclude Include="E_FireProjectile.h">
      <Filter>Header Files</Filter>
    </ClInclude>
    <ClInclude Include="Game.h">
      <Filter>Header Files</Filter>
    </ClInclude>
    <ClInclude Include="GLC.h">
      <Filter>Header Files</Filter>
    </ClInclude>
    <ClInclude Include="Input.h">
      <Filter>Header Files</Filter>
    </ClInclude>
    <ClInclude Include="Invisible_Girl_Game.h">
      <Filter>Header Files</Filter>
    </ClInclude>
    <ClInclude Include="my_Tile.h">
      <Filter>Header Files</Filter>
    </ClInclude>
    <ClInclude Include="NPC.h">
      <Filter>Header Files</Filter>
    </ClInclude>
    <ClInclude Include="Object.h">
      <Filter>Header Files</Filter>
    </ClInclude>
    <ClInclude Include="ObjectCollection.h">
      <Filter>Header Files</Filter>
    </ClInclude>
    <ClInclude Include="Player.h">
      <Filter>Header Files</Filter>
    </ClInclude>
    <ClInclude Include="Quadtree.h">
      <Filter>Header Files</Filter>
    </ClInclude>
    <ClInclude Include="Raycast.h">
      <Filter>Header Files</Filter>
    </ClInclude>
    <ClInclude Include="ResourceAllocator.h">
      <Filter>Header Files</Filter>
    </ClInclude>
    <ClInclude Include="Scene.h">
      <Filter>Header Files</Filter>
    </ClInclude>
    <ClInclude Include="SceneGame.h">
      <Filter>Header Files</Filter>
    </ClInclude>
    <ClInclude Include="SceneSplashScreen.h">
      <Filter>Header Files</Filter>
    </ClInclude>
    <ClInclude Include="SceneStateMachine.h">
      <Filter>Header Files</Filter>
    </ClInclude>
    <ClInclude Include="SharedContext.h">
      <Filter>Header Files</Filter>
    </ClInclude>
    <ClInclude Include="S_Collidable.h">
      <Filter>Header Files</Filter>
    </ClInclude>
    <ClInclude Include="S_Drawable.h">
      <Filter>Header Files</Filter>
    </ClInclude>
    <ClInclude Include="Tile.h">
      <Filter>Header Files</Filter>
    </ClInclude>
    <ClInclude Include="TileMapParser.h">
      <Filter>Header Files</Filter>
    </ClInclude>
    <ClInclude Include="window.h">
      <Filter>Header Files</Filter>
    </ClInclude>
    <ClInclude Include="WorkingDirectory.h">
      <Filter>Header Files</Filter>
    </ClInclude>
    <ClInclude Include="XML_Parser.h">
      <Filter>Header Files</Filter>
    </ClInclude>
    <ClInclude Include="tileson.hpp">
      <Filter>Header Files</Filter>
    </ClInclude>
  </ItemGroup>
</Project>